
Microsoft Visual Studio Solution File, Format Version 12.00
# Visual Studio Version 17
VisualStudioVersion = 17.1.32407.343
MinimumVisualStudioVersion = 10.0.40219.1
Project("{FAE04EC0-301F-11D3-BF4B-00C04F79EFBC}") = "projekPBO_Arisan", "projekPBO_Arisan.csproj", "{3E4357D1-890D-49FE-A07B-8C0EBDF2289D}"
EndProject
Global
	GlobalSection(SolutionConfigurationPlatforms) = preSolution
		Debug|Any CPU = Debug|Any CPU
		Release|Any CPU = Release|Any CPU
	EndGlobalSection
	GlobalSection(ProjectConfigurationPlatforms) = postSolution
		{3E4357D1-890D-49FE-A07B-8C0EBDF2289D}.Debug|Any CPU.ActiveCfg = Debug|Any CPU
		{3E4357D1-890D-49FE-A07B-8C0EBDF2289D}.Debug|Any CPU.Build.0 = Debug|Any CPU
		{3E4357D1-890D-49FE-A07B-8C0EBDF2289D}.Release|Any CPU.ActiveCfg = Release|Any CPU
		{3E4357D1-890D-49FE-A07B-8C0EBDF2289D}.Release|Any CPU.Build.0 = Release|Any CPU
	EndGlobalSection
	GlobalSection(SolutionProperties) = preSolution
		HideSolutionNode = FALSE
	EndGlobalSection
	GlobalSection(ExtensibilityGlobals) = postSolution
		SolutionGuid = {775FCD87-E3F0-4E1C-82E3-6781CDF61D2A}
	EndGlobalSection
EndGlobal
